{
  "name": "Landings Marin",
  "lockfileVersion": 3,
  "requires": true,
  "packages": {
    "": {
      "devDependencies": {
        "opencode-windows-x64": "^1.14.50"
      }
    },
    "node_modules/opencode-windows-x64": {
      "version": "1.14.50",
      "resolved": "https://registry.npmjs.org/opencode-windows-x64/-/opencode-windows-x64-1.14.50.tgz",
      "integrity": "sha512-EgV/t5vLP6rzonMnAhNeCgXqOEHQPZY19w4LhKhNxVdHM8YFD1WOVOzMVDIm6Jw3HzwxI60dPnt4zfGIdqOY7w==",
      "cpu": [
        "x64"
      ],
      "dev": true,
      "os": [
        "win32"
      ]
    }
  }
}
